// !$*UTF8*$!
{
	archiveVersion = 1;
	classes = {
	};
	objectVersion = 46;
	objects = {

/* Begin PBXBuildFile section */
		4DCFC5501EE546D1009378CF /* main.m in Sources */ = {isa = PBXBuildFile; fileRef = 4DCFC54F1EE546D1009378CF /* main.m */; };
		4DCFC5531EE546D1009378CF /* AppDelegate.m in Sources */ = {isa = PBXBuildFile; fileRef = 4DCFC5521EE546D1009378CF /* AppDelegate.m */; };
		4DCFC5691EE546D1009378CF /* CHYEatSecondDemoTests.m in Sources */ = {isa = PBXBuildFile; fileRef = 4DCFC5681EE546D1009378CF /* CHYEatSecondDemoTests.m */; };
		4DCFC5741EE546D1009378CF /* CHYEatSecondDemoUITests.m in Sources */ = {isa = PBXBuildFile; fileRef = 4DCFC5731EE546D1009378CF /* CHYEatSecondDemoUITests.m */; };
		4DD15DDA1EE8DE590079B299 /* CHYKindView.m in Sources */ = {isa = PBXBuildFile; fileRef = 4DD15DD91EE8DE590079B299 /* CHYKindView.m */; };
		4DD15E441EE947C10079B299 /* LaunchScreen.storyboard in Resources */ = {isa = PBXBuildFile; fileRef = 4DD15E421EE947C10079B299 /* LaunchScreen.storyboard */; };
		4DD15E451EE947C10079B299 /* Main.storyboard in Resources */ = {isa = PBXBuildFile; fileRef = 4DD15E431EE947C10079B299 /* Main.storyboard */; };
		4DE43F431EE7D17700688FC7 /* CHYActivityCell.m in Sources */ = {isa = PBXBuildFile; fileRef = 4DE43F421EE7D17700688FC7 /* CHYActivityCell.m */; };
		4DE43F461EE7D1B600688FC7 /* CHYSortCell.m in Sources */ = {isa = PBXBuildFile; fileRef = 4DE43F451EE7D1B600688FC7 /* CHYSortCell.m */; };
		4DE43F491EE7D1DA00688FC7 /* CHYActivityModel.m in Sources */ = {isa = PBXBuildFile; fileRef = 4DE43F481EE7D1DA00688FC7 /* CHYActivityModel.m */; };
		4DE947941EE63BEA00007B29 /* images.xcassets in Resources */ = {isa = PBXBuildFile; fileRef = 4DE947931EE63BEA00007B29 /* images.xcassets */; };
		4DE947AF1EE69C2B00007B29 /* CHYSallerModel.m in Sources */ = {isa = PBXBuildFile; fileRef = 4DE947AE1EE69C2B00007B29 /* CHYSallerModel.m */; };
		4DE947B21EE69C5E00007B29 /* CHYSallerCell.m in Sources */ = {isa = PBXBuildFile; fileRef = 4DE947B11EE69C5E00007B29 /* CHYSallerCell.m */; };
		4DE947B81EE6AD7700007B29 /* CHYHomeViewController.m in Sources */ = {isa = PBXBuildFile; fileRef = 4DE947B71EE6AD7700007B29 /* CHYHomeViewController.m */; };
/* End PBXBuildFile section */

/* Begin PBXContainerItemProxy section */
		4DCFC5651EE546D1009378CF /* PBXContainerItemProxy */ = {
			isa = PBXContainerItemProxy;
			containerPortal = 4DCFC5431EE546D1009378CF /* Project object */;
			proxyType = 1;
			remoteGlobalIDString = 4DCFC54A1EE546D1009378CF;
			remoteInfo = CHYEatSecondDemo;
		};
		4DCFC5701EE546D1009378CF /* PBXContainerItemProxy */ = {
			isa = PBXContainerItemProxy;
			containerPortal = 4DCFC5431EE546D1009378CF /* Project object */;
			proxyType = 1;
			remoteGlobalIDString = 4DCFC54A1EE546D1009378CF;
			remoteInfo = CHYEatSecondDemo;
		};
/* End PBXContainerItemProxy section */

/* Begin PBXFileReference section */
		4DCFC54B1EE546D1009378CF /* CHYEatSecondDemo.app */ = {isa = PBXFileReference; explicitFileType = wrapper.application; includeInIndex = 0; path = CHYEatSecondDemo.app; sourceTree = BUILT_PRODUCTS_DIR; };
		4DCFC54F1EE546D1009378CF /* main.m */ = {isa = PBXFileReference; lastKnownFileType = sourcecode.c.objc; path = main.m; sourceTree = "<group>"; };
		4DCFC5511EE546D1009378CF /* AppDelegate.h */ = {isa = PBXFileReference; lastKnownFileType = sourcecode.c.h; path = AppDelegate.h; sourceTree = "<group>"; };
		4DCFC5521EE546D1009378CF /* AppDelegate.m */ = {isa = PBXFileReference; lastKnownFileType = sourcecode.c.objc; path = AppDelegate.m; sourceTree = "<group>"; };
		4DCFC55F1EE546D1009378CF /* Info.plist */ = {isa = PBXFileReference; lastKnownFileType = text.plist.xml; path = Info.plist; sourceTree = "<group>"; };
		4DCFC5641EE546D1009378CF /* CHYEatSecondDemoTests.xctest */ = {isa = PBXFileReference; explicitFileType = wrapper.cfbundle; includeInIndex = 0; path = CHYEatSecondDemoTests.xctest; sourceTree = BUILT_PRODUCTS_DIR; };
		4DCFC5681EE546D1009378CF /* CHYEatSecondDemoTests.m */ = {isa = PBXFileReference; lastKnownFileType = sourcecode.c.objc; path = CHYEatSecondDemoTests.m; sourceTree = "<group>"; };
		4DCFC56A1EE546D1009378CF /* Info.plist */ = {isa = PBXFileReference; lastKnownFileType = text.plist.xml; path = Info.plist; sourceTree = "<group>"; };
		4DCFC56F1EE546D1009378CF /* CHYEatSecondDemoUITests.xctest */ = {isa = PBXFileReference; explicitFileType = wrapper.cfbundle; includeInIndex = 0; path = CHYEatSecondDemoUITests.xctest; sourceTree = BUILT_PRODUCTS_DIR; };
		4DCFC5731EE546D1009378CF /* CHYEatSecondDemoUITests.m */ = {isa = PBXFileReference; lastKnownFileType = sourcecode.c.objc; path = CHYEatSecondDemoUITests.m; sourceTree = "<group>"; };
		4DCFC5751EE546D1009378CF /* Info.plist */ = {isa = PBXFileReference; lastKnownFileType = text.plist.xml; path = Info.plist; sourceTree = "<group>"; };
		4DD15DD81EE8DE590079B299 /* CHYKindView.h */ = {isa = PBXFileReference; fileEncoding = 4; lastKnownFileType = sourcecode.c.h; path = CHYKindView.h; sourceTree = "<group>"; };
		4DD15DD91EE8DE590079B299 /* CHYKindView.m */ = {isa = PBXFileReference; fileEncoding = 4; lastKnownFileType = sourcecode.c.objc; path = CHYKindView.m; sourceTree = "<group>"; };
		4DD15E421EE947C10079B299 /* LaunchScreen.storyboard */ = {isa = PBXFileReference; fileEncoding = 4; lastKnownFileType = file.storyboard; path = LaunchScreen.storyboard; sourceTree = "<group>"; };
		4DD15E431EE947C10079B299 /* Main.storyboard */ = {isa = PBXFileReference; fileEncoding = 4; lastKnownFileType = file.storyboard; path = Main.storyboard; sourceTree = "<group>"; };
		4DE43F411EE7D17700688FC7 /* CHYActivityCell.h */ = {isa = PBXFileReference; fileEncoding = 4; lastKnownFileType = sourcecode.c.h; path = CHYActivityCell.h; sourceTree = "<group>"; };
		4DE43F421EE7D17700688FC7 /* CHYActivityCell.m */ = {isa = PBXFileReference; fileEncoding = 4; lastKnownFileType = sourcecode.c.objc; path = CHYActivityCell.m; sourceTree = "<group>"; };
		4DE43F441EE7D1B600688FC7 /* CHYSortCell.h */ = {isa = PBXFileReference; fileEncoding = 4; lastKnownFileType = sourcecode.c.h; path = CHYSortCell.h; sourceTree = "<group>"; };
		4DE43F451EE7D1B600688FC7 /* CHYSortCell.m */ = {isa = PBXFileReference; fileEncoding = 4; lastKnownFileType = sourcecode.c.objc; path = CHYSortCell.m; sourceTree = "<group>"; };
		4DE43F471EE7D1DA00688FC7 /* CHYActivityModel.h */ = {isa = PBXFileReference; fileEncoding = 4; lastKnownFileType = sourcecode.c.h; path = CHYActivityModel.h; sourceTree = "<group>"; };
		4DE43F481EE7D1DA00688FC7 /* CHYActivityModel.m */ = {isa = PBXFileReference; fileEncoding = 4; lastKnownFileType = sourcecode.c.objc; path = CHYActivityModel.m; sourceTree = "<group>"; };
		4DE947931EE63BEA00007B29 /* images.xcassets */ = {isa = PBXFileReference; lastKnownFileType = folder.assetcatalog; name = images.xcassets; path = CHYEatSecondDemo/images.xcassets; sourceTree = "<group>"; };
		4DE947AD1EE69C2B00007B29 /* CHYSallerModel.h */ = {isa = PBXFileReference; fileEncoding = 4; lastKnownFileType = sourcecode.c.h; path = CHYSallerModel.h; sourceTree = "<group>"; };
		4DE947AE1EE69C2B00007B29 /* CHYSallerModel.m */ = {isa = PBXFileReference; fileEncoding = 4; lastKnownFileType = sourcecode.c.objc; path = CHYSallerModel.m; sourceTree = "<group>"; };
		4DE947B01EE69C5E00007B29 /* CHYSallerCell.h */ = {isa = PBXFileReference; fileEncoding = 4; lastKnownFileType = sourcecode.c.h; path = CHYSallerCell.h; sourceTree = "<group>"; };
		4DE947B11EE69C5E00007B29 /* CHYSallerCell.m */ = {isa = PBXFileReference; fileEncoding = 4; lastKnownFileType = sourcecode.c.objc; path = CHYSallerCell.m; sourceTree = "<group>"; };
		4DE947B61EE6AD7700007B29 /* CHYHomeViewController.h */ = {isa = PBXFileReference; fileEncoding = 4; lastKnownFileType = sourcecode.c.h; path = CHYHomeViewController.h; sourceTree = "<group>"; };
		4DE947B71EE6AD7700007B29 /* CHYHomeViewController.m */ = {isa = PBXFileReference; fileEncoding = 4; lastKnownFileType = sourcecode.c.objc; path = CHYHomeViewController.m; sourceTree = "<group>"; };
/* End PBXFileReference section */

/* Begin PBXFrameworksBuildPhase section */
		4DCFC5481EE546D1009378CF /* Frameworks */ = {
			isa = PBXFrameworksBuildPhase;
			buildActionMask = 2147483647;
			files = (
			);
			runOnlyForDeploymentPostprocessing = 0;
		};
		4DCFC5611EE546D1009378CF /* Frameworks */ = {
			isa = PBXFrameworksBuildPhase;
			buildActionMask = 2147483647;
			files = (
			);
			runOnlyForDeploymentPostprocessing = 0;
		};
		4DCFC56C1EE546D1009378CF /* Frameworks */ = {
			isa = PBXFrameworksBuildPhase;
			buildActionMask = 2147483647;
			files = (
			);
			runOnlyForDeploymentPostprocessing = 0;
		};
/* End PBXFrameworksBuildPhase section */

/* Begin PBXGroup section */
		4DCFC5421EE546D1009378CF = {
			isa = PBXGroup;
			children = (
				4DCFC54D1EE546D1009378CF /* CHYEatSecondDemo */,
				4DE947931EE63BEA00007B29 /* images.xcassets */,
				4DCFC5671EE546D1009378CF /* CHYEatSecondDemoTests */,
				4DCFC5721EE546D1009378CF /* CHYEatSecondDemoUITests */,
				4DCFC54C1EE546D1009378CF /* Products */,
			);
			sourceTree = "<group>";
		};
		4DCFC54C1EE546D1009378CF /* Products */ = {
			isa = PBXGroup;
			children = (
				4DCFC54B1EE546D1009378CF /* CHYEatSecondDemo.app */,
				4DCFC5641EE546D1009378CF /* CHYEatSecondDemoTests.xctest */,
				4DCFC56F1EE546D1009378CF /* CHYEatSecondDemoUITests.xctest */,
			);
			name = Products;
			sourceTree = "<group>";
		};
		4DCFC54D1EE546D1009378CF /* CHYEatSecondDemo */ = {
			isa = PBXGroup;
			children = (
				4DE947A01EE6411500007B29 /* Model */,
				4DE9479F1EE640F700007B29 /* Views */,
				4DE9479B1EE6405900007B29 /* Controller */,
				4DCFC54E1EE546D1009378CF /* Supporting Files */,
			);
			path = CHYEatSecondDemo;
			sourceTree = "<group>";
		};
		4DCFC54E1EE546D1009378CF /* Supporting Files */ = {
			isa = PBXGroup;
			children = (
				4DCFC5511EE546D1009378CF /* AppDelegate.h */,
				4DCFC5521EE546D1009378CF /* AppDelegate.m */,
				4DD15E421EE947C10079B299 /* LaunchScreen.storyboard */,
				4DD15E431EE947C10079B299 /* Main.storyboard */,
				4DCFC55F1EE546D1009378CF /* Info.plist */,
				4DCFC54F1EE546D1009378CF /* main.m */,
			);
			name = "Supporting Files";
			sourceTree = "<group>";
		};
		4DCFC5671EE546D1009378CF /* CHYEatSecondDemoTests */ = {
			isa = PBXGroup;
			children = (
				4DCFC5681EE546D1009378CF /* CHYEatSecondDemoTests.m */,
				4DCFC56A1EE546D1009378CF /* Info.plist */,
			);
			path = CHYEatSecondDemoTests;
			sourceTree = "<group>";
		};
		4DCFC5721EE546D1009378CF /* CHYEatSecondDemoUITests */ = {
			isa = PBXGroup;
			children = (
				4DCFC5731EE546D1009378CF /* CHYEatSecondDemoUITests.m */,
				4DCFC5751EE546D1009378CF /* Info.plist */,
			);
			path = CHYEatSecondDemoUITests;
			sourceTree = "<group>";
		};
		4DE9479B1EE6405900007B29 /* Controller */ = {
			isa = PBXGroup;
			children = (
				4DE947B61EE6AD7700007B29 /* CHYHomeViewController.h */,
				4DE947B71EE6AD7700007B29 /* CHYHomeViewController.m */,
			);
			name = Controller;
			sourceTree = "<group>";
		};
		4DE9479F1EE640F700007B29 /* Views */ = {
			isa = PBXGroup;
			children = (
				4DE947B01EE69C5E00007B29 /* CHYSallerCell.h */,
				4DE947B11EE69C5E00007B29 /* CHYSallerCell.m */,
				4DE43F411EE7D17700688FC7 /* CHYActivityCell.h */,
				4DE43F421EE7D17700688FC7 /* CHYActivityCell.m */,
				4DE43F441EE7D1B600688FC7 /* CHYSortCell.h */,
				4DE43F451EE7D1B600688FC7 /* CHYSortCell.m */,
				4DD15DD81EE8DE590079B299 /* CHYKindView.h */,
				4DD15DD91EE8DE590079B299 /* CHYKindView.m */,
			);
			name = Views;
			sourceTree = "<group>";
		};
		4DE947A01EE6411500007B29 /* Model */ = {
			isa = PBXGroup;
			children = (
				4DE947AD1EE69C2B00007B29 /* CHYSallerModel.h */,
				4DE947AE1EE69C2B00007B29 /* CHYSallerModel.m */,
				4DE43F471EE7D1DA00688FC7 /* CHYActivityModel.h */,
				4DE43F481EE7D1DA00688FC7 /* CHYActivityModel.m */,
			);
			name = Model;
			sourceTree = "<group>";
		};
/* End PBXGroup section */

/* Begin PBXNativeTarget section */
		4DCFC54A1EE546D1009378CF /* CHYEatSecondDemo */ = {
			isa = PBXNativeTarget;
			buildConfigurationList = 4DCFC5781EE546D1009378CF /* Build configuration list for PBXNativeTarget "CHYEatSecondDemo" */;
			buildPhases = (
				4DCFC5471EE546D1009378CF /* Sources */,
				4DCFC5481EE546D1009378CF /* Frameworks */,
				4DCFC5491EE546D1009378CF /* Resources */,
			);
			buildRules = (
			);
			dependencies = (
			);
			name = CHYEatSecondDemo;
			productName = CHYEatSecondDemo;
			productReference = 4DCFC54B1EE546D1009378CF /* CHYEatSecondDemo.app */;
			productType = "com.apple.product-type.application";
		};
		4DCFC5631EE546D1009378CF /* CHYEatSecondDemoTests */ = {
			isa = PBXNativeTarget;
			buildConfigurationList = 4DCFC57B1EE546D1009378CF /* Build configuration list for PBXNativeTarget "CHYEatSecondDemoTests" */;
			buildPhases = (
				4DCFC5601EE546D1009378CF /* Sources */,
				4DCFC5611EE546D1009378CF /* Frameworks */,
				4DCFC5621EE546D1009378CF /* Resources */,
			);
			buildRules = (
			);
			dependencies = (
				4DCFC5661EE546D1009378CF /* PBXTargetDependency */,
			);
			name = CHYEatSecondDemoTests;
			productName = CHYEatSecondDemoTests;
			productReference = 4DCFC5641EE546D1009378CF /* CHYEatSecondDemoTests.xctest */;
			productType = "com.apple.product-type.bundle.unit-test";
		};
		4DCFC56E1EE546D1009378CF /* CHYEatSecondDemoUITests */ = {
			isa = PBXNativeTarget;
			buildConfigurationList = 4DCFC57E1EE546D1009378CF /* Build configuration list for PBXNativeTarget "CHYEatSecondDemoUITests" */;
			buildPhases = (
				4DCFC56B1EE546D1009378CF /* Sources */,
				4DCFC56C1EE546D1009378CF /* Frameworks */,
				4DCFC56D1EE546D1009378CF /* Resources */,
			);
			buildRules = (
			);
			dependencies = (
				4DCFC5711EE546D1009378CF /* PBXTargetDependency */,
			);
			name = CHYEatSecondDemoUITests;
			productName = CHYEatSecondDemoUITests;
			productReference = 4DCFC56F1EE546D1009378CF /* CHYEatSecondDemoUITests.xctest */;
			productType = "com.apple.product-type.bundle.ui-testing";
		};
/* End PBXNativeTarget section */

/* Begin PBXProject section */
		4DCFC5431EE546D1009378CF /* Project object */ = {
			isa = PBXProject;
			attributes = {
				LastUpgradeCheck = 0830;
				ORGANIZATIONNAME = csdc;
				TargetAttributes = {
					4DCFC54A1EE546D1009378CF = {
						CreatedOnToolsVersion = 8.3.2;
						ProvisioningStyle = Automatic;
					};
					4DCFC5631EE546D1009378CF = {
						CreatedOnToolsVersion = 8.3.2;
						ProvisioningStyle = Automatic;
						TestTargetID = 4DCFC54A1EE546D1009378CF;
					};
					4DCFC56E1EE546D1009378CF = {
						CreatedOnToolsVersion = 8.3.2;
						ProvisioningStyle = Automatic;
						TestTargetID = 4DCFC54A1EE546D1009378CF;
					};
				};
			};
			buildConfigurationList = 4DCFC5461EE546D1009378CF /* Build configuration list for PBXProject "CHYEatSecondDemo" */;
			compatibilityVersion = "Xcode 3.2";
			developmentRegion = English;
			hasScannedForEncodings = 0;
			knownRegions = (
				en,
				Base,
			);
			mainGroup = 4DCFC5421EE546D1009378CF;
			productRefGroup = 4DCFC54C1EE546D1009378CF /* Products */;
			projectDirPath = "";
			projectRoot = "";
			targets = (
				4DCFC54A1EE546D1009378CF /* CHYEatSecondDemo */,
				4DCFC5631EE546D1009378CF /* CHYEatSecondDemoTests */,
				4DCFC56E1EE546D1009378CF /* CHYEatSecondDemoUITests */,
			);
		};
/* End PBXProject section */

/* Begin PBXResourcesBuildPhase section */
		4DCFC5491EE546D1009378CF /* Resources */ = {
			isa = PBXResourcesBuildPhase;
			buildActionMask = 2147483647;
			files = (
				4DD15E451EE947C10079B299 /* Main.storyboard in Resources */,
				4DE947941EE63BEA00007B29 /* images.xcassets in Resources */,
				4DD15E441EE947C10079B299 /* LaunchScreen.storyboard in Resources */,
			);
			runOnlyForDeploymentPostprocessing = 0;
		};
		4DCFC5621EE546D1009378CF /* Resources */ = {
			isa = PBXResourcesBuildPhase;
			buildActionMask = 2147483647;
			files = (
			);
			runOnlyForDeploymentPostprocessing = 0;
		};
		4DCFC56D1EE546D1009378CF /* Resources */ = {
			isa = PBXResourcesBuildPhase;
			buildActionMask = 2147483647;
			files = (
			);
			runOnlyForDeploymentPostprocessing = 0;
		};
/* End PBXResourcesBuildPhase section */

/* Begin PBXSourcesBuildPhase section */
		4DCFC5471EE546D1009378CF /* Sources */ = {
			isa = PBXSourcesBuildPhase;
			buildActionMask = 2147483647;
			files = (
				4DE947B81EE6AD7700007B29 /* CHYHomeViewController.m in Sources */,
				4DE43F491EE7D1DA00688FC7 /* CHYActivityModel.m in Sources */,
				4DE947B21EE69C5E00007B29 /* CHYSallerCell.m in Sources */,
				4DE947AF1EE69C2B00007B29 /* CHYSallerModel.m in Sources */,
				4DE43F461EE7D1B600688FC7 /* CHYSortCell.m in Sources */,
				4DD15DDA1EE8DE590079B299 /* CHYKindView.m in Sources */,
				4DE43F431EE7D17700688FC7 /* CHYActivityCell.m in Sources */,
				4DCFC5531EE546D1009378CF /* AppDelegate.m in Sources */,
				4DCFC5501EE546D1009378CF /* main.m in Sources */,
			);
			runOnlyForDeploymentPostprocessing = 0;
		};
		4DCFC5601EE546D1009378CF /* Sources */ = {
			isa = PBXSourcesBuildPhase;
			buildActionMask = 2147483647;
			files = (
				4DCFC5691EE546D1009378CF /* CHYEatSecondDemoTests.m in Sources */,
			);
			runOnlyForDeploymentPostprocessing = 0;
		};
		4DCFC56B1EE546D1009378CF /* Sources */ = {
			isa = PBXSourcesBuildPhase;
			buildActionMask = 2147483647;
			files = (
				4DCFC5741EE546D1009378CF /* CHYEatSecondDemoUITests.m in Sources */,
			);
			runOnlyForDeploymentPostprocessing = 0;
		};
/* End PBXSourcesBuildPhase section */

/* Begin PBXTargetDependency section */
		4DCFC5661EE546D1009378CF /* PBXTargetDependency */ = {
			isa = PBXTargetDependency;
			target = 4DCFC54A1EE546D1009378CF /* CHYEatSecondDemo */;
			targetProxy = 4DCFC5651EE546D1009378CF /* PBXContainerItemProxy */;
		};
		4DCFC5711EE546D1009378CF /* PBXTargetDependency */ = {
			isa = PBXTargetDependency;
			target = 4DCFC54A1EE546D1009378CF /* CHYEatSecondDemo */;
			targetProxy = 4DCFC5701EE546D1009378CF /* PBXContainerItemProxy */;
		};
/* End PBXTargetDependency section */

/* Begin XCBuildConfiguration section */
		4DCFC5761EE546D1009378CF /* Debug */ = {
			isa = XCBuildConfiguration;
			buildSettings = {
				ALWAYS_SEARCH_USER_PATHS = NO;
				CLANG_ANALYZER_NONNULL = YES;
				CLANG_ANALYZER_NUMBER_OBJECT_CONVERSION = YES_AGGRESSIVE;
				CLANG_CXX_LANGUAGE_STANDARD = "gnu++0x";
				CLANG_CXX_LIBRARY = "libc++";
				CLANG_ENABLE_MODULES = YES;
				CLANG_ENABLE_OBJC_ARC = YES;
				CLANG_WARN_BOOL_CONVERSION = YES;
				CLANG_WARN_CONSTANT_CONVERSION = YES;
				CLANG_WARN_DIRECT_OBJC_ISA_USAGE = YES_ERROR;
				CLANG_WARN_DOCUMENTATION_COMMENTS = YES;
				CLANG_WARN_EMPTY_BODY = YES;
				CLANG_WARN_ENUM_CONVERSION = YES;
				CLANG_WARN_INFINITE_RECURSION = YES;
				CLANG_WARN_INT_CONVERSION = YES;
				CLANG_WARN_OBJC_ROOT_CLASS = YES_ERROR;
				CLANG_WARN_SUSPICIOUS_MOVE = YES;
				CLANG_WARN_UNREACHABLE_CODE = YES;
				CLANG_WARN__DUPLICATE_METHOD_MATCH = YES;
				"CODE_SIGN_IDENTITY[sdk=iphoneos*]" = "iPhone Developer";
				COPY_PHASE_STRIP = NO;
				DEBUG_INFORMATION_FORMAT = dwarf;
				ENABLE_STRICT_OBJC_MSGSEND = YES;
				ENABLE_TESTABILITY = YES;
				GCC_C_LANGUAGE_STANDARD = gnu99;
				GCC_DYNAMIC_NO_PIC = NO;
				GCC_NO_COMMON_BLOCKS = YES;
				GCC_OPTIMIZATION_LEVEL = 0;
				GCC_PREPROCESSOR_DEFINITIONS = (
					"DEBUG=1",
					"$(inherited)",
				);
				GCC_WARN_64_TO_32_BIT_CONVERSION = YES;
				GCC_WARN_ABOUT_RETURN_TYPE = YES_ERROR;
				GCC_WARN_UNDECLARED_SELECTOR = YES;
				GCC_WARN_UNINITIALIZED_AUTOS = YES_AGGRESSIVE;
				GCC_WARN_UNUSED_FUNCTION = YES;
				GCC_WARN_UNUSED_VARIABLE = YES;
				IPHONEOS_DEPLOYMENT_TARGET = 10.3;
				MTL_ENABLE_DEBUG_INFO = YES;
				ONLY_ACTIVE_ARCH = YES;
				SDKROOT = iphoneos;
			};
			name = Debug;
		};
		4DCFC5771EE546D1009378CF /* Release */ = {
			isa = XCBuildConfiguration;
			buildSettings = {
				ALWAYS_SEARCH_USER_PATHS = NO;
				CLANG_ANALYZER_NONNULL = YES;
				CLANG_ANALYZER_NUMBER_OBJECT_CONVERSION = YES_AGGRESSIVE;
				CLANG_CXX_LANGUAGE_STANDARD = "gnu++0x";
				CLANG_CXX_LIBRARY = "libc++";
				CLANG_ENABLE_MODULES = YES;
				CLANG_ENABLE_OBJC_ARC = YES;
				CLANG_WARN_BOOL_CONVERSION = YES;
				CLANG_WARN_CONSTANT_CONVERSION = YES;
				CLANG_WARN_DIRECT_OBJC_ISA_USAGE = YES_ERROR;
				CLANG_WARN_DOCUMENTATION_COMMENTS = YES;
				CLANG_WARN_EMPTY_BODY = YES;
				CLANG_WARN_ENUM_CONVERSION = YES;
				CLANG_WARN_INFINITE_RECURSION = YES;
				CLANG_WARN_INT_CONVERSION = YES;
				CLANG_WARN_OBJC_ROOT_CLASS = YES_ERROR;
				CLANG_WARN_SUSPICIOUS_MOVE = YES;
				CLANG_WARN_UNREACHABLE_CODE = YES;
				CLANG_WARN__DUPLICATE_METHOD_MATCH = YES;
				"CODE_SIGN_IDENTITY[sdk=iphoneos*]" = "iPhone Developer";
				COPY_PHASE_STRIP = NO;
				DEBUG_INFORMATION_FORMAT = "dwarf-with-dsym";
				ENABLE_NS_ASSERTIONS = NO;
				ENABLE_STRICT_OBJC_MSGSEND = YES;
				GCC_C_LANGUAGE_STANDARD = gnu99;
				GCC_NO_COMMON_BLOCKS = YES;
				GCC_WARN_64_TO_32_BIT_CONVERSION = YES;
				GCC_WARN_ABOUT_RETURN_TYPE = YES_ERROR;
				GCC_WARN_UNDECLARED_SELECTOR = YES;
				GCC_WARN_UNINITIALIZED_AUTOS = YES_AGGRESSIVE;
				GCC_WARN_UNUSED_FUNCTION = YES;
				GCC_WARN_UNUSED_VARIABLE = YES;
				IPHONEOS_DEPLOYMENT_TARGET = 10.3;
				MTL_ENABLE_DEBUG_INFO = NO;
				SDKROOT = iphoneos;
				VALIDATE_PRODUCT = YES;
			};
			name = Release;
		};
		4DCFC5791EE546D1009378CF /* Debug */ = {
			isa = XCBuildConfiguration;
			buildSettings = {
				ASSETCATALOG_COMPILER_APPICON_NAME = AppIcon;
				INFOPLIST_FILE = CHYEatSecondDemo/Info.plist;
				LD_RUNPATH_SEARCH_PATHS = "$(inherited) @executable_path/Frameworks";
				PRODUCT_BUNDLE_IDENTIFIER = com.kly.CHYEatSecondDemo;
				PRODUCT_NAME = "$(TARGET_NAME)";
			};
			name = Debug;
		};
		4DCFC57A1EE546D1009378CF /* Release */ = {
			isa = XCBuildConfiguration;
			buildSettings = {
				ASSETCATALOG_COMPILER_APPICON_NAME = AppIcon;
				INFOPLIST_FILE = CHYEatSecondDemo/Info.plist;
				LD_RUNPATH_SEARCH_PATHS = "$(inherited) @executable_path/Frameworks";
				PRODUCT_BUNDLE_IDENTIFIER = com.kly.CHYEatSecondDemo;
				PRODUCT_NAME = "$(TARGET_NAME)";
			};
			name = Release;
		};
		4DCFC57C1EE546D1009378CF /* Debug */ = {
			isa = XCBuildConfiguration;
			buildSettings = {
				BUNDLE_LOADER = "$(TEST_HOST)";
				INFOPLIST_FILE = CHYEatSecondDemoTests/Info.plist;
				LD_RUNPATH_SEARCH_PATHS = "$(inherited) @executable_path/Frameworks @loader_path/Frameworks";
				PRODUCT_BUNDLE_IDENTIFIER = com.kly.CHYEatSecondDemoTests;
				PRODUCT_NAME = "$(TARGET_NAME)";
				TEST_HOST = "$(BUILT_PRODUCTS_DIR)/CHYEatSecondDemo.app/CHYEatSecondDemo";
			};
			name = Debug;
		};
		4DCFC57D1EE546D1009378CF /* Release */ = {
			isa = XCBuildConfiguration;
			buildSettings = {
				BUNDLE_LOADER = "$(TEST_HOST)";
				INFOPLIST_FILE = CHYEatSecondDemoTests/Info.plist;
				LD_RUNPATH_SEARCH_PATHS = "$(inherited) @executable_path/Frameworks @loader_path/Frameworks";
				PRODUCT_BUNDLE_IDENTIFIER = com.kly.CHYEatSecondDemoTests;
				PRODUCT_NAME = "$(TARGET_NAME)";
				TEST_HOST = "$(BUILT_PRODUCTS_DIR)/CHYEatSecondDemo.app/CHYEatSecondDemo";
			};
			name = Release;
		};
		4DCFC57F1EE546D1009378CF /* Debug */ = {
			isa = XCBuildConfiguration;
			buildSettings = {
				INFOPLIST_FILE = CHYEatSecondDemoUITests/Info.plist;
				LD_RUNPATH_SEARCH_PATHS = "$(inherited) @executable_path/Frameworks @loader_path/Frameworks";
				PRODUCT_BUNDLE_IDENTIFIER = com.kly.CHYEatSecondDemoUITests;
				PRODUCT_NAME = "$(TARGET_NAME)";
				TEST_TARGET_NAME = CHYEatSecondDemo;
			};
			name = Debug;
		};
		4DCFC5801EE546D1009378CF /* Release */ = {
			isa = XCBuildConfiguration;
			buildSettings = {
				INFOPLIST_FILE = CHYEatSecondDemoUITests/Info.plist;
				LD_RUNPATH_SEARCH_PATHS = "$(inherited) @executable_path/Frameworks @loader_path/Frameworks";
				PRODUCT_BUNDLE_IDENTIFIER = com.kly.CHYEatSecondDemoUITests;
				PRODUCT_NAME = "$(TARGET_NAME)";
				TEST_TARGET_NAME = CHYEatSecondDemo;
			};
			name = Release;
		};
/* End XCBuildConfiguration section */

/* Begin XCConfigurationList section */
		4DCFC5461EE546D1009378CF /* Build configuration list for PBXProject "CHYEatSecondDemo" */ = {
			isa = XCConfigurationList;
			buildConfigurations = (
				4DCFC5761EE546D1009378CF /* Debug */,
				4DCFC5771EE546D1009378CF /* Release */,
			);
			defaultConfigurationIsVisible = 0;
			defaultConfigurationName = Release;
		};
		4DCFC5781EE546D1009378CF /* Build configuration list for PBXNativeTarget "CHYEatSecondDemo" */ = {
			isa = XCConfigurationList;
			buildConfigurations = (
				4DCFC5791EE546D1009378CF /* Debug */,
				4DCFC57A1EE546D1009378CF /* Release */,
			);
			defaultConfigurationIsVisible = 0;
			defaultConfigurationName = Release;
		};
		4DCFC57B1EE546D1009378CF /* Build configuration list for PBXNativeTarget "CHYEatSecondDemoTests" */ = {
			isa = XCConfigurationList;
			buildConfigurations = (
				4DCFC57C1EE546D1009378CF /* Debug */,
				4DCFC57D1EE546D1009378CF /* Release */,
			);
			defaultConfigurationIsVisible = 0;
			defaultConfigurationName = Release;
		};
		4DCFC57E1EE546D1009378CF /* Build configuration list for PBXNativeTarget "CHYEatSecondDemoUITests" */ = {
			isa = XCConfigurationList;
			buildConfigurations = (
				4DCFC57F1EE546D1009378CF /* Debug */,
				4DCFC5801EE546D1009378CF /* Release */,
			);
			defaultConfigurationIsVisible = 0;
			defaultConfigurationName = Release;
		};
/* End XCConfigurationList section */
	};
	rootObject = 4DCFC5431EE546D1009378CF /* Project object */;
}
